
Microsoft Visual Studio Solution File, Format Version 12.00
# Visual Studio 15
VisualStudioVersion = 15.0.28307.489
MinimumVisualStudioVersion = 10.0.40219.1
Project("{FAE04EC0-301F-11D3-BF4B-00C04F79EFBC}") = "OpenWindowsApp", "OpenWindowsApp\OpenWindowsApp.csproj", "{D25663AD-711A-4A28-8EAC-52A8CEE04AC5}"
EndProject
Global
	GlobalSection(SolutionConfigurationPlatforms) = preSolution
		Debug|Any CPU = Debug|Any CPU
		Release|Any CPU = Release|Any CPU
	EndGlobalSection
	GlobalSection(ProjectConfigurationPlatforms) = postSolution
		{D25663AD-711A-4A28-8EAC-52A8CEE04AC5}.Debug|Any CPU.ActiveCfg = Debug|Any CPU
		{D25663AD-711A-4A28-8EAC-52A8CEE04AC5}.Debug|Any CPU.Build.0 = Debug|Any CPU
		{D25663AD-711A-4A28-8EAC-52A8CEE04AC5}.Release|Any CPU.ActiveCfg = Release|Any CPU
		{D25663AD-711A-4A28-8EAC-52A8CEE04AC5}.Release|Any CPU.Build.0 = Release|Any CPU
	EndGlobalSection
	GlobalSection(SolutionProperties) = preSolution
		HideSolutionNode = FALSE
	EndGlobalSection
	GlobalSection(ExtensibilityGlobals) = postSolution
		SolutionGuid = {F3C7EE81-CC3F-459A-9308-F692C9229DDF}
	EndGlobalSection
EndGlobal
